
Microsoft Visual Studio Solution File, Format Version 12.00
# Visual Studio Version 16
VisualStudioVersion = 16.0.28407.52
MinimumVisualStudioVersion = 10.0.40219.1
Project("{9A19103F-16F7-4668-BE54-9A1E7A4F7556}") = "AzureFunctionsUpdates", "AzureFunctionsUpdates\AzureFunctionsUpdates.csproj", "{1D79146B-C187-471F-8CFE-72B99CFC34A5}"
EndProject
Project("{9A19103F-16F7-4668-BE54-9A1E7A4F7556}") = "AzureFunctionsUpdates.UnitTests", "AzureFunctionsUpdates.UnitTests\AzureFunctionsUpdates.UnitTests.csproj", "{AA31FB7F-8FD9-4833-B317-762075E6A25A}"
EndProject
Global
	GlobalSection(SolutionConfigurationPlatforms) = preSolution
		Debug|Any CPU = Debug|Any CPU
		Release|Any CPU = Release|Any CPU
	EndGlobalSection
	GlobalSection(ProjectConfigurationPlatforms) = postSolution
		{1D79146B-C187-471F-8CFE-72B99CFC34A5}.Debug|Any CPU.ActiveCfg = Debug|Any CPU
		{1D79146B-C187-471F-8CFE-72B99CFC34A5}.Debug|Any CPU.Build.0 = Debug|Any CPU
		{1D79146B-C187-471F-8CFE-72B99CFC34A5}.Release|Any CPU.ActiveCfg = Release|Any CPU
		{1D79146B-C187-471F-8CFE-72B99CFC34A5}.Release|Any CPU.Build.0 = Release|Any CPU
		{AA31FB7F-8FD9-4833-B317-762075E6A25A}.Debug|Any CPU.ActiveCfg = Debug|Any CPU
		{AA31FB7F-8FD9-4833-B317-762075E6A25A}.Debug|Any CPU.Build.0 = Debug|Any CPU
		{AA31FB7F-8FD9-4833-B317-762075E6A25A}.Release|Any CPU.ActiveCfg = Release|Any CPU
		{AA31FB7F-8FD9-4833-B317-762075E6A25A}.Release|Any CPU.Build.0 = Release|Any CPU
	EndGlobalSection
	GlobalSection(SolutionProperties) = preSolution
		HideSolutionNode = FALSE
	EndGlobalSection
	GlobalSection(ExtensibilityGlobals) = postSolution
		SolutionGuid = {7A9F9AF3-4010-4E02-A1A9-4D61789D0C2F}
	EndGlobalSection
EndGlobal
